
Microsoft Visual Studio Solution File, Format Version 12.00
# Visual Studio Version 17
VisualStudioVersion = 17.11.35327.3
MinimumVisualStudioVersion = 10.0.40219.1
Project("{F184B08F-C81C-45F6-A57F-5ABD9991F28F}") = "2309106108_Ahmad_Nur_Huda_POSTTEST6", "2309106108_Ahmad_Nur_Huda_POSTTEST6.vbproj", "{385CE216-4A06-4AF3-8176-9C3E1C5C217F}"
EndProject
Global
	GlobalSection(SolutionConfigurationPlatforms) = preSolution
		Debug|Any CPU = Debug|Any CPU
		Release|Any CPU = Release|Any CPU
	EndGlobalSection
	GlobalSection(ProjectConfigurationPlatforms) = postSolution
		{385CE216-4A06-4AF3-8176-9C3E1C5C217F}.Debug|Any CPU.ActiveCfg = Debug|Any CPU
		{385CE216-4A06-4AF3-8176-9C3E1C5C217F}.Debug|Any CPU.Build.0 = Debug|Any CPU
		{385CE216-4A06-4AF3-8176-9C3E1C5C217F}.Release|Any CPU.ActiveCfg = Release|Any CPU
		{385CE216-4A06-4AF3-8176-9C3E1C5C217F}.Release|Any CPU.Build.0 = Release|Any CPU
	EndGlobalSection
	GlobalSection(SolutionProperties) = preSolution
		HideSolutionNode = FALSE
	EndGlobalSection
	GlobalSection(ExtensibilityGlobals) = postSolution
		SolutionGuid = {D144AABF-597E-434D-BCAA-1F94AA40FD81}
	EndGlobalSection
EndGlobal
